{
  "name": "piscine-codeloccol",
  "version": "1.0.0",
  "lockfileVersion": 3,
  "requires": true,
  "packages": {
    "": {
      "name": "piscine-codeloccol",
      "version": "1.0.0",
      "license": "ISC",
      "dependencies": {
        "@vercel/node": "^2.9.0",
        "axios": "^1.2.5",
        "bcrypt": "^5.1.0",
        "cookie-parser": "^1.4.6",
        "cors": "^2.8.5",
        "dotenv": "^16.0.3",
        "express": "^4.18.2",
        "jsonwebtoken": "^9.0.0",
        "mongoose": "^6.9.0",
        "nodemon": "^2.0.20",
        "simple-update-notifier": "^1.1.0",
        "vercel": "^27.3.2",
        "vercel.json": "^0.1.0"
      }
    },
    "node_modules/simple-update-notifier": {
      "version": "1.1.0",
      "resolved": "https://registry.npmjs.org/simple-update-notifier/-/simple-update-notifier-1.1.0.tgz",
      "integrity": "sha512-VpsrsJSUcJEseSbMHkrsrAVSdvVS5I96Qo1QAQ4FxQ9wXFcB+pjj7FB7/us9+GcgfW4ziHtYMc1J0PLczb55mg=="
    },
    "node_modules/simple-update-notifier/node_modules/semver": {
      "version": "7.3.8"
    }
  }
}
